
Microsoft Visual Studio Solution File, Format Version 12.00
# Visual Studio Version 17
VisualStudioVersion = 17.11.35327.3
MinimumVisualStudioVersion = 10.0.40219.1
Project("{9A19103F-16F7-4668-BE54-9A1E7A4F7556}") = "CustomInterfaces", "CustomInterfaces\CustomInterfaces.csproj", "{275E4113-C5C3-4A9A-BC0C-BC75F1B5E2AA}"
EndProject
Project("{9A19103F-16F7-4668-BE54-9A1E7A4F7556}") = "InterfaceNameClash", "InterfaceNameClash\InterfaceNameClash.csproj", "{20FE123F-756B-4309-94AC-4362F9B78D95}"
EndProject
Project("{9A19103F-16F7-4668-BE54-9A1E7A4F7556}") = "InterfaceHierarchy", "InterfaceHierarchy\InterfaceHierarchy.csproj", "{7310DB8D-8B42-47CE-8334-74B675D274BB}"
EndProject
Project("{9A19103F-16F7-4668-BE54-9A1E7A4F7556}") = "MiInterfaceHierarchy", "MiInterfaceHierarchy\MiInterfaceHierarchy.csproj", "{1D1CD252-2769-422D-936D-7192287C28CE}"
EndProject
Project("{FAE04EC0-301F-11D3-BF4B-00C04F79EFBC}") = "CustomEnumerator", "CustomEnumerator\CustomEnumerator.csproj", "{2442356D-2977-4D3B-AE5F-1DCC77EDC27E}"
EndProject
Project("{FAE04EC0-301F-11D3-BF4B-00C04F79EFBC}") = "CustomEnumeratorWithYield", "CustomEnumeratorWithYield\CustomEnumeratorWithYield.csproj", "{2587A214-74F6-4EC1-B8A7-AC67EA863A74}"
EndProject
Project("{FAE04EC0-301F-11D3-BF4B-00C04F79EFBC}") = "CloneablePoint", "CloneablePoint\CloneablePoint.csproj", "{84804D67-AD7C-4FE9-85E7-02B34118C757}"
EndProject
Project("{FAE04EC0-301F-11D3-BF4B-00C04F79EFBC}") = "ComparableCar", "ComparableCar\ComparableCar.csproj", "{4012044C-9093-44B1-B529-DF8EBADC973B}"
EndProject
Global
	GlobalSection(SolutionConfigurationPlatforms) = preSolution
		Debug|Any CPU = Debug|Any CPU
		Release|Any CPU = Release|Any CPU
	EndGlobalSection
	GlobalSection(ProjectConfigurationPlatforms) = postSolution
		{275E4113-C5C3-4A9A-BC0C-BC75F1B5E2AA}.Debug|Any CPU.ActiveCfg = Debug|Any CPU
		{275E4113-C5C3-4A9A-BC0C-BC75F1B5E2AA}.Debug|Any CPU.Build.0 = Debug|Any CPU
		{275E4113-C5C3-4A9A-BC0C-BC75F1B5E2AA}.Release|Any CPU.ActiveCfg = Release|Any CPU
		{275E4113-C5C3-4A9A-BC0C-BC75F1B5E2AA}.Release|Any CPU.Build.0 = Release|Any CPU
		{20FE123F-756B-4309-94AC-4362F9B78D95}.Debug|Any CPU.ActiveCfg = Debug|Any CPU
		{20FE123F-756B-4309-94AC-4362F9B78D95}.Debug|Any CPU.Build.0 = Debug|Any CPU
		{20FE123F-756B-4309-94AC-4362F9B78D95}.Release|Any CPU.ActiveCfg = Release|Any CPU
		{20FE123F-756B-4309-94AC-4362F9B78D95}.Release|Any CPU.Build.0 = Release|Any CPU
		{7310DB8D-8B42-47CE-8334-74B675D274BB}.Debug|Any CPU.ActiveCfg = Debug|Any CPU
		{7310DB8D-8B42-47CE-8334-74B675D274BB}.Debug|Any CPU.Build.0 = Debug|Any CPU
		{7310DB8D-8B42-47CE-8334-74B675D274BB}.Release|Any CPU.ActiveCfg = Release|Any CPU
		{7310DB8D-8B42-47CE-8334-74B675D274BB}.Release|Any CPU.Build.0 = Release|Any CPU
		{1D1CD252-2769-422D-936D-7192287C28CE}.Debug|Any CPU.ActiveCfg = Debug|Any CPU
		{1D1CD252-2769-422D-936D-7192287C28CE}.Debug|Any CPU.Build.0 = Debug|Any CPU
		{1D1CD252-2769-422D-936D-7192287C28CE}.Release|Any CPU.ActiveCfg = Release|Any CPU
		{1D1CD252-2769-422D-936D-7192287C28CE}.Release|Any CPU.Build.0 = Release|Any CPU
		{2442356D-2977-4D3B-AE5F-1DCC77EDC27E}.Debug|Any CPU.ActiveCfg = Debug|Any CPU
		{2442356D-2977-4D3B-AE5F-1DCC77EDC27E}.Debug|Any CPU.Build.0 = Debug|Any CPU
		{2442356D-2977-4D3B-AE5F-1DCC77EDC27E}.Release|Any CPU.ActiveCfg = Release|Any CPU
		{2442356D-2977-4D3B-AE5F-1DCC77EDC27E}.Release|Any CPU.Build.0 = Release|Any CPU
		{2587A214-74F6-4EC1-B8A7-AC67EA863A74}.Debug|Any CPU.ActiveCfg = Debug|Any CPU
		{2587A214-74F6-4EC1-B8A7-AC67EA863A74}.Debug|Any CPU.Build.0 = Debug|Any CPU
		{2587A214-74F6-4EC1-B8A7-AC67EA863A74}.Release|Any CPU.ActiveCfg = Release|Any CPU
		{2587A214-74F6-4EC1-B8A7-AC67EA863A74}.Release|Any CPU.Build.0 = Release|Any CPU
		{84804D67-AD7C-4FE9-85E7-02B34118C757}.Debug|Any CPU.ActiveCfg = Debug|Any CPU
		{84804D67-AD7C-4FE9-85E7-02B34118C757}.Debug|Any CPU.Build.0 = Debug|Any CPU
		{84804D67-AD7C-4FE9-85E7-02B34118C757}.Release|Any CPU.ActiveCfg = Release|Any CPU
		{84804D67-AD7C-4FE9-85E7-02B34118C757}.Release|Any CPU.Build.0 = Release|Any CPU
		{4012044C-9093-44B1-B529-DF8EBADC973B}.Debug|Any CPU.ActiveCfg = Debug|Any CPU
		{4012044C-9093-44B1-B529-DF8EBADC973B}.Debug|Any CPU.Build.0 = Debug|Any CPU
		{4012044C-9093-44B1-B529-DF8EBADC973B}.Release|Any CPU.ActiveCfg = Release|Any CPU
		{4012044C-9093-44B1-B529-DF8EBADC973B}.Release|Any CPU.Build.0 = Release|Any CPU
	EndGlobalSection
	GlobalSection(SolutionProperties) = preSolution
		HideSolutionNode = FALSE
	EndGlobalSection
	GlobalSection(ExtensibilityGlobals) = postSolution
		SolutionGuid = {ADD51121-98DE-4EB8-A872-A667517EFAF8}
	EndGlobalSection
EndGlobal
